
Microsoft Visual Studio Solution File, Format Version 12.00
# Visual Studio Version 16
VisualStudioVersion = 16.0.30503.244
MinimumVisualStudioVersion = 10.0.40219.1
Project("{9A19103F-16F7-4668-BE54-9A1E7A4F7556}") = "KernFunkLibrary", "KernFunkLibrary\KernFunkLibrary.csproj", "{DF123023-2701-42A8-B541-075D73EC72D2}"
EndProject
Project("{9A19103F-16F7-4668-BE54-9A1E7A4F7556}") = "KerFunk.UnintTest", "KerFunk.UnintTest\KerFunk.UnintTest.csproj", "{2DCB507B-3FB9-4A62-8AAE-1B008AA8A401}"
EndProject
Project("{9A19103F-16F7-4668-BE54-9A1E7A4F7556}") = "App", "App\App.csproj", "{37FEECD4-7291-4603-9B59-1FC742A35671}"
EndProject
Global
	GlobalSection(SolutionConfigurationPlatforms) = preSolution
		Debug|Any CPU = Debug|Any CPU
		Release|Any CPU = Release|Any CPU
	EndGlobalSection
	GlobalSection(ProjectConfigurationPlatforms) = postSolution
		{DF123023-2701-42A8-B541-075D73EC72D2}.Debug|Any CPU.ActiveCfg = Debug|Any CPU
		{DF123023-2701-42A8-B541-075D73EC72D2}.Debug|Any CPU.Build.0 = Debug|Any CPU
		{DF123023-2701-42A8-B541-075D73EC72D2}.Release|Any CPU.ActiveCfg = Release|Any CPU
		{DF123023-2701-42A8-B541-075D73EC72D2}.Release|Any CPU.Build.0 = Release|Any CPU
		{2DCB507B-3FB9-4A62-8AAE-1B008AA8A401}.Debug|Any CPU.ActiveCfg = Debug|Any CPU
		{2DCB507B-3FB9-4A62-8AAE-1B008AA8A401}.Debug|Any CPU.Build.0 = Debug|Any CPU
		{2DCB507B-3FB9-4A62-8AAE-1B008AA8A401}.Release|Any CPU.ActiveCfg = Release|Any CPU
		{2DCB507B-3FB9-4A62-8AAE-1B008AA8A401}.Release|Any CPU.Build.0 = Release|Any CPU
		{37FEECD4-7291-4603-9B59-1FC742A35671}.Debug|Any CPU.ActiveCfg = Debug|Any CPU
		{37FEECD4-7291-4603-9B59-1FC742A35671}.Debug|Any CPU.Build.0 = Debug|Any CPU
		{37FEECD4-7291-4603-9B59-1FC742A35671}.Release|Any CPU.ActiveCfg = Release|Any CPU
		{37FEECD4-7291-4603-9B59-1FC742A35671}.Release|Any CPU.Build.0 = Release|Any CPU
	EndGlobalSection
	GlobalSection(SolutionProperties) = preSolution
		HideSolutionNode = FALSE
	EndGlobalSection
	GlobalSection(ExtensibilityGlobals) = postSolution
		SolutionGuid = {84C63D4A-6245-4ECB-8EF3-5554468CDC41}
	EndGlobalSection
EndGlobal
